name: update-flake-lock
on:
  workflow_dispatch:
  schedule:
    - cron: '0 3 * * *'

jobs:
  update-flake-lock:
    runs-on: ubuntu-latest
    environment: production
    steps:
      - name: Access private repository
        uses: webfactory/ssh-agent@master
        with:
          ssh-private-key: ${{ secrets.GH_PRIVATE_KEY }}
      - uses: actions/checkout@v4
      - uses: DeterminateSystems/nix-installer-action@v12
      - id: update
        uses: DeterminateSystems/update-flake-lock@v23
        with:
          commit-msg: "chore(flake.lock): update"
          pr-title: "chore(flake.lock): update"
          pr-labels: auto-merge
          token: "${{ secrets.GITHUB_TOKEN }}"
      - name: Merge
        run: gh pr merge --auto "${{ steps.update.outputs.pull-request-number }}" --rebase
        env:
          GITHUB_TOKEN: ${{secrets.GITHUB_TOKEN}}
        if: ${{ steps.update.outputs.pull-request-number != '' }}
